
Microsoft Visual Studio Solution File, Format Version 12.00
# Visual Studio Version 17
VisualStudioVersion = 17.14.36511.14 d17.14
MinimumVisualStudioVersion = 10.0.40219.1
Project("{2150E333-8FDC-42A3-9474-1A3956D46DE8}") = "Task0", "Task0", "{02EA681E-C7D8-13C7-8484-4AC65E1B71E8}"
EndProject
Project("{FAE04EC0-301F-11D3-BF4B-00C04F79EFBC}") = "Tyuiu.AytuvarovTK.Sprint1.Task0.V29", "Tyuiu.AytuvarovTK.Sprint1.Task0.V29\Tyuiu.AytuvarovTK.Sprint1.Task0.V29.csproj", "{8F40077C-138A-4505-9D92-8A453D0FBB42}"
EndProject
Project("{FAE04EC0-301F-11D3-BF4B-00C04F79EFBC}") = "Tyuiu.AytuvarovTK.Sprint1.Task0.V29.Lib", "Tyuiu.AytuvarovTK.Sprint1.Task0.V29.Lib\Tyuiu.AytuvarovTK.Sprint1.Task0.V29.Lib.csproj", "{3830E64C-B9B7-4D93-937D-E280B226C275}"
EndProject
Project("{FAE04EC0-301F-11D3-BF4B-00C04F79EFBC}") = "Tyuiu.AytuvarovTK.Sprint1.Task0.V29.Test", "Tyuiu.AytuvarovTK.Sprint1.Task0.V29.Test\Tyuiu.AytuvarovTK.Sprint1.Task0.V29.Test.csproj", "{D792938F-7EBE-4D2B-BCB0-ADE49823467D}"
EndProject
Global
	GlobalSection(SolutionConfigurationPlatforms) = preSolution
		Debug|Any CPU = Debug|Any CPU
		Release|Any CPU = Release|Any CPU
	EndGlobalSection
	GlobalSection(ProjectConfigurationPlatforms) = postSolution
		{8F40077C-138A-4505-9D92-8A453D0FBB42}.Debug|Any CPU.ActiveCfg = Debug|Any CPU
		{8F40077C-138A-4505-9D92-8A453D0FBB42}.Debug|Any CPU.Build.0 = Debug|Any CPU
		{8F40077C-138A-4505-9D92-8A453D0FBB42}.Release|Any CPU.ActiveCfg = Release|Any CPU
		{8F40077C-138A-4505-9D92-8A453D0FBB42}.Release|Any CPU.Build.0 = Release|Any CPU
		{3830E64C-B9B7-4D93-937D-E280B226C275}.Debug|Any CPU.ActiveCfg = Debug|Any CPU
		{3830E64C-B9B7-4D93-937D-E280B226C275}.Debug|Any CPU.Build.0 = Debug|Any CPU
		{3830E64C-B9B7-4D93-937D-E280B226C275}.Release|Any CPU.ActiveCfg = Release|Any CPU
		{3830E64C-B9B7-4D93-937D-E280B226C275}.Release|Any CPU.Build.0 = Release|Any CPU
		{D792938F-7EBE-4D2B-BCB0-ADE49823467D}.Debug|Any CPU.ActiveCfg = Debug|Any CPU
		{D792938F-7EBE-4D2B-BCB0-ADE49823467D}.Debug|Any CPU.Build.0 = Debug|Any CPU
		{D792938F-7EBE-4D2B-BCB0-ADE49823467D}.Release|Any CPU.ActiveCfg = Release|Any CPU
		{D792938F-7EBE-4D2B-BCB0-ADE49823467D}.Release|Any CPU.Build.0 = Release|Any CPU
	EndGlobalSection
	GlobalSection(SolutionProperties) = preSolution
		HideSolutionNode = FALSE
	EndGlobalSection
	GlobalSection(NestedProjects) = preSolution
		{8F40077C-138A-4505-9D92-8A453D0FBB42} = {02EA681E-C7D8-13C7-8484-4AC65E1B71E8}
		{3830E64C-B9B7-4D93-937D-E280B226C275} = {02EA681E-C7D8-13C7-8484-4AC65E1B71E8}
		{D792938F-7EBE-4D2B-BCB0-ADE49823467D} = {02EA681E-C7D8-13C7-8484-4AC65E1B71E8}
	EndGlobalSection
	GlobalSection(ExtensibilityGlobals) = postSolution
		SolutionGuid = {CF893B36-9076-4264-82D7-46CF20205DAD}
	EndGlobalSection
EndGlobal
